
Microsoft Visual Studio Solution File, Format Version 12.00
# Visual Studio Version 16
VisualStudioVersion = 16.0.29123.88
MinimumVisualStudioVersion = 10.0.40219.1
Project("{FAE04EC0-301F-11D3-BF4B-00C04F79EFBC}") = "Hw3", "Hw3\Hw3.csproj", "{EBCEC59D-699D-4655-A5D3-90E6459DF188}"
EndProject
Project("{FAE04EC0-301F-11D3-BF4B-00C04F79EFBC}") = "UnitTest", "UnitTest\UnitTest.csproj", "{57A72208-8482-4B3B-A45C-96B2F9451D6B}"
EndProject
Global
	GlobalSection(SolutionConfigurationPlatforms) = preSolution
		Debug|Any CPU = Debug|Any CPU
		Release|Any CPU = Release|Any CPU
	EndGlobalSection
	GlobalSection(ProjectConfigurationPlatforms) = postSolution
		{EBCEC59D-699D-4655-A5D3-90E6459DF188}.Debug|Any CPU.ActiveCfg = Debug|Any CPU
		{EBCEC59D-699D-4655-A5D3-90E6459DF188}.Debug|Any CPU.Build.0 = Debug|Any CPU
		{EBCEC59D-699D-4655-A5D3-90E6459DF188}.Release|Any CPU.ActiveCfg = Release|Any CPU
		{EBCEC59D-699D-4655-A5D3-90E6459DF188}.Release|Any CPU.Build.0 = Release|Any CPU
		{57A72208-8482-4B3B-A45C-96B2F9451D6B}.Debug|Any CPU.ActiveCfg = Debug|Any CPU
		{57A72208-8482-4B3B-A45C-96B2F9451D6B}.Debug|Any CPU.Build.0 = Debug|Any CPU
		{57A72208-8482-4B3B-A45C-96B2F9451D6B}.Release|Any CPU.ActiveCfg = Release|Any CPU
		{57A72208-8482-4B3B-A45C-96B2F9451D6B}.Release|Any CPU.Build.0 = Release|Any CPU
	EndGlobalSection
	GlobalSection(SolutionProperties) = preSolution
		HideSolutionNode = FALSE
	EndGlobalSection
	GlobalSection(ExtensibilityGlobals) = postSolution
		SolutionGuid = {A6110FFA-DAE9-4833-9645-0C0C4E335B3F}
	EndGlobalSection
EndGlobal
