
Microsoft Visual Studio Solution File, Format Version 12.00
# Visual Studio Version 16
VisualStudioVersion = 16.0.29123.88
MinimumVisualStudioVersion = 10.0.40219.1
Project("{FAE04EC0-301F-11D3-BF4B-00C04F79EFBC}") = "Hw5", "Hw5\Hw5.csproj", "{5493E0D9-A9F5-472D-AF4E-A467F79DB21E}"
EndProject
Project("{FAE04EC0-301F-11D3-BF4B-00C04F79EFBC}") = "UnitTest", "UnitTest\UnitTest.csproj", "{9A14F60B-887A-4D61-8F48-92A1EEB614AA}"
EndProject
Global
	GlobalSection(SolutionConfigurationPlatforms) = preSolution
		Debug|Any CPU = Debug|Any CPU
		Release|Any CPU = Release|Any CPU
	EndGlobalSection
	GlobalSection(ProjectConfigurationPlatforms) = postSolution
		{5493E0D9-A9F5-472D-AF4E-A467F79DB21E}.Debug|Any CPU.ActiveCfg = Debug|Any CPU
		{5493E0D9-A9F5-472D-AF4E-A467F79DB21E}.Debug|Any CPU.Build.0 = Debug|Any CPU
		{5493E0D9-A9F5-472D-AF4E-A467F79DB21E}.Release|Any CPU.ActiveCfg = Release|Any CPU
		{5493E0D9-A9F5-472D-AF4E-A467F79DB21E}.Release|Any CPU.Build.0 = Release|Any CPU
		{9A14F60B-887A-4D61-8F48-92A1EEB614AA}.Debug|Any CPU.ActiveCfg = Debug|Any CPU
		{9A14F60B-887A-4D61-8F48-92A1EEB614AA}.Debug|Any CPU.Build.0 = Debug|Any CPU
		{9A14F60B-887A-4D61-8F48-92A1EEB614AA}.Release|Any CPU.ActiveCfg = Release|Any CPU
		{9A14F60B-887A-4D61-8F48-92A1EEB614AA}.Release|Any CPU.Build.0 = Release|Any CPU
	EndGlobalSection
	GlobalSection(SolutionProperties) = preSolution
		HideSolutionNode = FALSE
	EndGlobalSection
	GlobalSection(ExtensibilityGlobals) = postSolution
		SolutionGuid = {175C8F66-3128-451C-A5BE-AB821FF694B5}
	EndGlobalSection
EndGlobal
